{
  "version": 2,
  "dependencies": {
    ".NETFramework,Version=v4.7.2": {
      "GitVersion.MsBuild": {
        "type": "Direct",
        "requested": "[6.0.0-beta.5, )",
        "resolved": "6.0.0-beta.5",
        "contentHash": "E2zNmfxCz1S1HAYWFXwOz5A+yIVFSpaKehVAj5t45z5Zgck84hzu9THAOzzLFVGwBOnesKV7YXiSdNVZ8mZFRg=="
      },
      "IDisposableAnalyzers": {
        "type": "Direct",
        "requested": "[4.0.7, )",
        "resolved": "4.0.7",
        "contentHash": "Xrn/VABG/JhulJOmHOeOAY4/qafbEyRj3Z6gMeSABT1XCqMe8HnqOvid8gEVJt47VUZ6eD7XpTFLZ1KLyTZgdw=="
      }
    }
  }
}