<Solution>
    <Folder Name="/Solution Items/" Id="02ea681e-c7d8-13c7-8484-4ac65e1b71e8">
        <File Path=".editorconfig" />
        <File Path=".gitattributes" />
        <File Path=".gitignore" />
        <File Path="Directory.Build.props" />
        <File Path="Directory.Build.targets" />
        <File Path="Directory.Packages.props" />
        <File Path="global.json" />
        <File Path="LICENSE" />
        <File Path="nuget.config" />
        <File Path="ReadMe.md" />
    </Folder>
</Solution>