<Solution>
  <Folder Name="/csf/">
    <Project Path="src/csf/Shimakaze.Sdk.Csf.Converter/Shimakaze.Sdk.Csf.Converter.csproj" />
    <Project Path="src/csf/Shimakaze.Sdk.Csf.Json/Shimakaze.Sdk.Csf.Json.csproj" />
    <Project Path="src/csf/Shimakaze.Sdk.Csf.Xml/Shimakaze.Sdk.Csf.Xml.csproj" />
    <Project Path="src/csf/Shimakaze.Sdk.Csf.Yaml/Shimakaze.Sdk.Csf.Yaml.csproj" />
    <Project Path="src/csf/Shimakaze.Sdk.Csf/Shimakaze.Sdk.Csf.csproj" />
  </Folder>
  <Folder Name="/engine/">
    <Project Path="src/engine/Shimakaze.Sdk.Engine.Cli/Shimakaze.Sdk.Engine.Cli.csproj" />
    <Project Path="src/engine/Shimakaze.Sdk.Engine.MSBuild/Shimakaze.Sdk.Engine.MSBuild.csproj" />
    <Project Path="src/engine/Shimakaze.Sdk.Engine.Tui/Shimakaze.Sdk.Engine.Tui.csproj" />
    <Project Path="src/engine/Shimakaze.Sdk.Engine/Shimakaze.Sdk.Engine.csproj" />
  </Folder>
  <Folder Name="/hva/">
    <Project Path="src/hva/Shimakaze.Sdk.Hva/Shimakaze.Sdk.Hva.csproj" />
  </Folder>
  <Folder Name="/ini/">
    <Project Path="src/ini/Shimakaze.Sdk.Ini/Shimakaze.Sdk.Ini.csproj" />
    <Project Path="src/ini/Shimakaze.Sdk.Inilyn.Analyzer/Shimakaze.Sdk.Inilyn.Analyzer.csproj" />
    <Project Path="src/ini/Shimakaze.Sdk.Inilyn/Shimakaze.Sdk.Inilyn.csproj" />
  </Folder>
  <Folder Name="/map/">
    <Project Path="src/map/Shimakaze.Sdk.Map/Shimakaze.Sdk.Map.csproj" />
  </Folder>
  <Folder Name="/mix/">
        <Project Path="src/mix/Shimakaze.Sdk.Mix/Shimakaze.Sdk.Mix.csproj" />
  </Folder>
  <Folder Name="/pal/">
    <Project Path="src/pal/Shimakaze.Sdk.Pal/Shimakaze.Sdk.Pal.csproj" />
  </Folder>
  <Folder Name="/pcx/">
    <Project Path="src/pcx/Shimakaze.Sdk.Pcx/Shimakaze.Sdk.Pcx.csproj" />
  </Folder>
  <Folder Name="/shp/">
    <Project Path="src/shp/Shimakaze.Sdk.Shp/Shimakaze.Sdk.Shp.csproj" />
  </Folder>
  <Folder Name="/Solution Items/">
    <File Path=".editorconfig" />
    <File Path=".gitattributes" />
    <File Path=".gitignore" />
    <File Path="Directory.Build.props" />
    <File Path="Directory.Build.targets" />
    <File Path="Directory.Packages.props" />
    <File Path="GitVersion.yaml" />
    <File Path="global.json" />
    <File Path="LICENSE" />
    <File Path="nuget.config" />
    <File Path="ReadMe.md" />
  </Folder>
  <Folder Name="/tmp/">
    <Project Path="src/tmp/Shimakaze.Sdk.Tmp/Shimakaze.Sdk.Tmp.csproj" />
  </Folder>
  <Folder Name="/vpl/">
    <Project Path="src/vpl/Shimakaze.Sdk.Vpl.Editor/Shimakaze.Sdk.Vpl.Editor.csproj" />
    <Project Path="src/vpl/Shimakaze.Sdk.Vpl/Shimakaze.Sdk.Vpl.csproj" />
  </Folder>
  <Folder Name="/vxl/">
    <Project Path="src/vxl/Shimakaze.Sdk.Vxl/Shimakaze.Sdk.Vxl.csproj" />
  </Folder>
</Solution>
