
Microsoft Visual Studio Solution File, Format Version 12.00
# Visual Studio Version 16
VisualStudioVersion = 16.0.30114.105
MinimumVisualStudioVersion = 10.0.40219.1
Project("{2150E333-8FDC-42A3-9474-1A3956D46DE8}") = "src", "src", "{0EEA9655-B92F-4DFA-B120-B7AB3D729FC3}"
EndProject
Project("{FAE04EC0-301F-11D3-BF4B-00C04F79EFBC}") = "Shimakaze.Sdk.Models.Csf", "src\Shimakaze.Sdk.Models.Csf\Shimakaze.Sdk.Models.Csf.csproj", "{76E93874-917D-478C-97FE-F0A308B094AF}"
EndProject
Project("{FAE04EC0-301F-11D3-BF4B-00C04F79EFBC}") = "Shimakaze.Sdk.Models.Csf.Json", "src\Shimakaze.Sdk.Models.Csf.Json\Shimakaze.Sdk.Models.Csf.Json.csproj", "{69088316-09FD-4B8E-B1DA-43C01E2B08F9}"
EndProject
Project("{FAE04EC0-301F-11D3-BF4B-00C04F79EFBC}") = "Shimakaze.Sdk.Utils", "src\Shimakaze.Sdk.Utils\Shimakaze.Sdk.Utils.csproj", "{35D63696-A533-4D4F-8F70-257524ED68ED}"
EndProject
Global
	GlobalSection(SolutionConfigurationPlatforms) = preSolution
		Debug|Any CPU = Debug|Any CPU
		Release|Any CPU = Release|Any CPU
	EndGlobalSection
	GlobalSection(SolutionProperties) = preSolution
		HideSolutionNode = FALSE
	EndGlobalSection
	GlobalSection(ProjectConfigurationPlatforms) = postSolution
		{76E93874-917D-478C-97FE-F0A308B094AF}.Debug|Any CPU.ActiveCfg = Debug|Any CPU
		{76E93874-917D-478C-97FE-F0A308B094AF}.Debug|Any CPU.Build.0 = Debug|Any CPU
		{76E93874-917D-478C-97FE-F0A308B094AF}.Release|Any CPU.ActiveCfg = Release|Any CPU
		{76E93874-917D-478C-97FE-F0A308B094AF}.Release|Any CPU.Build.0 = Release|Any CPU
		{69088316-09FD-4B8E-B1DA-43C01E2B08F9}.Debug|Any CPU.ActiveCfg = Debug|Any CPU
		{69088316-09FD-4B8E-B1DA-43C01E2B08F9}.Debug|Any CPU.Build.0 = Debug|Any CPU
		{69088316-09FD-4B8E-B1DA-43C01E2B08F9}.Release|Any CPU.ActiveCfg = Release|Any CPU
		{69088316-09FD-4B8E-B1DA-43C01E2B08F9}.Release|Any CPU.Build.0 = Release|Any CPU
		{35D63696-A533-4D4F-8F70-257524ED68ED}.Debug|Any CPU.ActiveCfg = Debug|Any CPU
		{35D63696-A533-4D4F-8F70-257524ED68ED}.Debug|Any CPU.Build.0 = Debug|Any CPU
		{35D63696-A533-4D4F-8F70-257524ED68ED}.Release|Any CPU.ActiveCfg = Release|Any CPU
		{35D63696-A533-4D4F-8F70-257524ED68ED}.Release|Any CPU.Build.0 = Release|Any CPU
	EndGlobalSection
	GlobalSection(NestedProjects) = preSolution
		{76E93874-917D-478C-97FE-F0A308B094AF} = {0EEA9655-B92F-4DFA-B120-B7AB3D729FC3}
		{69088316-09FD-4B8E-B1DA-43C01E2B08F9} = {0EEA9655-B92F-4DFA-B120-B7AB3D729FC3}
		{35D63696-A533-4D4F-8F70-257524ED68ED} = {0EEA9655-B92F-4DFA-B120-B7AB3D729FC3}
	EndGlobalSection
EndGlobal
