{
  "version": 2,
  "dependencies": {
    "net9.0": {
      "GitVersion.MsBuild": {
        "type": "Direct",
        "requested": "[6.7.0, )",
        "resolved": "6.7.0",
        "contentHash": "0W5NHnfnogX0pfidRcJfqzfb8Yc/avBfq1qVuaHiHIjbtsjKHt9IFtt18p/ttCCeJlJe9fQliQ3pSkZQcibXlw=="
      },
      "IDisposableAnalyzers": {
        "type": "Direct",
        "requested": "[4.0.8, )",
        "resolved": "4.0.8",
        "contentHash": "vNi4NMG0CcJyjXxiNDcQ21FwV/whM9o9OEZKD+oP7tuxAqFEzX/x5OhC3OZJqW/w+8GOtCmJPBquYgMWgz0rfQ=="
      },
      "Microsoft.Bcl.AsyncInterfaces": {
        "type": "Direct",
        "requested": "[10.0.5, )",
        "resolved": "10.0.5",
        "contentHash": "hQB3Hq1LlF0NkGVNyZIvwIQIY3LM7Cw1oYjNiTvdNqmzzipVAWEK1c5sj2H5aFX0udnjgPLxSYKq2fupueS8ow=="
      },
      "Polyfill": {
        "type": "Direct",
        "requested": "[10.5.1, )",
        "resolved": "10.5.1",
        "contentHash": "DF5KHoVwE0496LDadwin55TLKtmwCXlCAxpFUYkXudIe9iJq09Dlbilxr46T0uP1g9RWHRwy1MPeKIa7b4WirA=="
      },
      "System.Text.Json": {
        "type": "Direct",
        "requested": "[10.0.5, )",
        "resolved": "10.0.5",
        "contentHash": "vW2zhkWziyfhoSXNf42mTWyilw+vfwBGOsODDsHSFtOIY6LCgfRVUyaAilLEL4Kc1fzhaxcep5pS0VWYPSDW0w==",
        "dependencies": {
          "System.IO.Pipelines": "10.0.5",
          "System.Text.Encodings.Web": "10.0.5"
        }
      },
      "System.IO.Pipelines": {
        "type": "Transitive",
        "resolved": "10.0.5",
        "contentHash": "8/ZHN/j2y1t+7McdCf1wXku2/c7wtrGLz3WQabIoPuLAn3bHDWT6YOJYreJq8sCMPSo6c8iVYXUdLlFGX5PEqw=="
      },
      "System.Text.Encodings.Web": {
        "type": "Transitive",
        "resolved": "10.0.5",
        "contentHash": "opvD/nKTzGKA7GVntZ9L823kN6IxgHQfuxY+VI9gv8VE1Y7CSKoi/QS1EYDQiA63MqtZsD7X6zkISd2ZQJohTQ=="
      },
      "shimakaze.sdk.csf": {
        "type": "Project"
      }
    }
  }
}