{
  "version": 2,
  "dependencies": {
    "net10.0": {
      "DotMake.CommandLine": {
        "type": "Direct",
        "requested": "[3.5.0, )",
        "resolved": "3.5.0",
        "contentHash": "QrmOldwvKQ4rvuGP4MRZjxUxdag0az8g73cp7O99g9mxLHLRpkisyxpD1rtGLrCn/mB3+Ne/STAPh/V3lybynw==",
        "dependencies": {
          "System.CommandLine": "[2.0.7, 3.0.0)"
        }
      },
      "GitVersion.MsBuild": {
        "type": "Direct",
        "requested": "[6.7.0, )",
        "resolved": "6.7.0",
        "contentHash": "0W5NHnfnogX0pfidRcJfqzfb8Yc/avBfq1qVuaHiHIjbtsjKHt9IFtt18p/ttCCeJlJe9fQliQ3pSkZQcibXlw=="
      },
      "IDisposableAnalyzers": {
        "type": "Direct",
        "requested": "[4.0.8, )",
        "resolved": "4.0.8",
        "contentHash": "vNi4NMG0CcJyjXxiNDcQ21FwV/whM9o9OEZKD+oP7tuxAqFEzX/x5OhC3OZJqW/w+8GOtCmJPBquYgMWgz0rfQ=="
      },
      "Microsoft.NET.ILLink.Tasks": {
        "type": "Direct",
        "requested": "[10.0.8, )",
        "resolved": "10.0.8",
        "contentHash": "dVbSXGIFNR5nZcv2tOLoWI+a9T4jtFd77IYjuND+QVe360qWgAF7H0WtoopYhRw/+SgpGUTyrkrh+65+ClNnfw=="
      },
      "SkiaSharp.NativeAssets.macOS": {
        "type": "Transitive",
        "resolved": "3.119.2",
        "contentHash": "I2jMGQ/26KOnc6iAoR+Mxh9vSJJ2vioJyj9aJ9OL5yEZyXothXJxf4vBMqnSaiXMqiiU1scG7KqtT0CLkmMmWA=="
      },
      "SkiaSharp.NativeAssets.Win32": {
        "type": "Transitive",
        "resolved": "3.119.2",
        "contentHash": "uYe+da6+GXVgPKkCopzvIZ83DmC8SXXKeUAPrNcztJNsg0SjPQAxfKMOPZqmVjbzznrq/QUIjLUlJSZV/e0IPA=="
      },
      "System.CommandLine": {
        "type": "Transitive",
        "resolved": "2.0.7",
        "contentHash": "ih4yNLLF2Ebz85xJJBaPeddLa4d1AekYId7Y1g8oSsEaBHHd/CtyeBJ+tDvQadqeXz7i591K5ry/td+4aaHnQA=="
      },
      "shimakaze.sdk.csf": {
        "type": "Project"
      },
      "shimakaze.sdk.csf.json": {
        "type": "Project",
        "dependencies": {
          "Microsoft.Bcl.AsyncInterfaces": "[10.0.8, )",
          "Shimakaze.Sdk.Csf": "[1.0.0, )"
        }
      },
      "shimakaze.sdk.csf.xml": {
        "type": "Project",
        "dependencies": {
          "Shimakaze.Sdk.Csf": "[1.0.0, )"
        }
      },
      "shimakaze.sdk.csf.yaml": {
        "type": "Project",
        "dependencies": {
          "Shimakaze.Sdk.Csf": "[1.0.0, )",
          "YamlDotNet": "[18.0.0, )"
        }
      },
      "shimakaze.sdk.engine": {
        "type": "Project",
        "dependencies": {
          "Shimakaze.Sdk.Csf": "[1.0.0, )",
          "Shimakaze.Sdk.Csf.Json": "[1.0.0, )",
          "Shimakaze.Sdk.Csf.Xml": "[1.0.0, )",
          "Shimakaze.Sdk.Csf.Yaml": "[1.0.0, )",
          "Shimakaze.Sdk.Mix": "[1.0.0, )",
          "Shimakaze.Sdk.Pal": "[1.0.0, )",
          "Shimakaze.Sdk.Shp": "[1.0.0, )",
          "SkiaSharp": "[3.119.2, )",
          "System.IO.Hashing": "[10.0.8, )"
        }
      },
      "shimakaze.sdk.mix": {
        "type": "Project",
        "dependencies": {
          "Microsoft.Bcl.AsyncInterfaces": "[10.0.8, )",
          "System.IO.Hashing": "[10.0.8, )"
        }
      },
      "shimakaze.sdk.pal": {
        "type": "Project"
      },
      "shimakaze.sdk.shp": {
        "type": "Project"
      },
      "Microsoft.Bcl.AsyncInterfaces": {
        "type": "CentralTransitive",
        "requested": "[10.0.8, )",
        "resolved": "10.0.8",
        "contentHash": "e+kYYRb0HmNo5FTOcjXkP0mIEFHEyygm4ea/iLWpdumsACzCH078nZMfnk6RQFmtSrnNbh654c8nNtmUSwQoow=="
      },
      "SkiaSharp": {
        "type": "CentralTransitive",
        "requested": "[3.119.2, )",
        "resolved": "3.119.2",
        "contentHash": "nmy2dOFWPvQKMglfpjz8+/xQQcSrL9jzul3cUyzCJVSwrmSAw+6B1sEgU7jt6NZBptwGq2k/V0kjyu2GizMFtg==",
        "dependencies": {
          "SkiaSharp.NativeAssets.Win32": "3.119.2",
          "SkiaSharp.NativeAssets.macOS": "3.119.2"
        }
      },
      "System.IO.Hashing": {
        "type": "CentralTransitive",
        "requested": "[10.0.8, )",
        "resolved": "10.0.8",
        "contentHash": "+dJsbPJ3FyUbTZNplFj0RCKePFizmv6ewDV46JE9q/IVH4c3xTCftHfHelLsAKf0jryIPqgMb5GpS0x7TAY3mg=="
      },
      "YamlDotNet": {
        "type": "CentralTransitive",
        "requested": "[18.0.0, )",
        "resolved": "18.0.0",
        "contentHash": "ptHVgcYmLejGuWXV7RMFoEqFKYMXnieOlWLPzEslfDtzZ9ngMhjYwykfqjBN2+fMEAEyobozkj07lKEpR4dssA=="
      }
    },
    "net8.0": {
      "DotMake.CommandLine": {
        "type": "Direct",
        "requested": "[3.5.0, )",
        "resolved": "3.5.0",
        "contentHash": "QrmOldwvKQ4rvuGP4MRZjxUxdag0az8g73cp7O99g9mxLHLRpkisyxpD1rtGLrCn/mB3+Ne/STAPh/V3lybynw==",
        "dependencies": {
          "System.CommandLine": "[2.0.7, 3.0.0)"
        }
      },
      "GitVersion.MsBuild": {
        "type": "Direct",
        "requested": "[6.7.0, )",
        "resolved": "6.7.0",
        "contentHash": "0W5NHnfnogX0pfidRcJfqzfb8Yc/avBfq1qVuaHiHIjbtsjKHt9IFtt18p/ttCCeJlJe9fQliQ3pSkZQcibXlw=="
      },
      "IDisposableAnalyzers": {
        "type": "Direct",
        "requested": "[4.0.8, )",
        "resolved": "4.0.8",
        "contentHash": "vNi4NMG0CcJyjXxiNDcQ21FwV/whM9o9OEZKD+oP7tuxAqFEzX/x5OhC3OZJqW/w+8GOtCmJPBquYgMWgz0rfQ=="
      },
      "Microsoft.NET.ILLink.Tasks": {
        "type": "Direct",
        "requested": "[8.0.27, )",
        "resolved": "8.0.27",
        "contentHash": "rQi9TxifHRnXP7lVRZH05DxD2/XGbJp12q0ozcbrlBlBnyyzssFTH/2vLhtKWUp2CT1qVscTrcYTFiwTyKPKRg=="
      },
      "SkiaSharp.NativeAssets.macOS": {
        "type": "Transitive",
        "resolved": "3.119.2",
        "contentHash": "I2jMGQ/26KOnc6iAoR+Mxh9vSJJ2vioJyj9aJ9OL5yEZyXothXJxf4vBMqnSaiXMqiiU1scG7KqtT0CLkmMmWA=="
      },
      "SkiaSharp.NativeAssets.Win32": {
        "type": "Transitive",
        "resolved": "3.119.2",
        "contentHash": "uYe+da6+GXVgPKkCopzvIZ83DmC8SXXKeUAPrNcztJNsg0SjPQAxfKMOPZqmVjbzznrq/QUIjLUlJSZV/e0IPA=="
      },
      "System.CommandLine": {
        "type": "Transitive",
        "resolved": "2.0.7",
        "contentHash": "ih4yNLLF2Ebz85xJJBaPeddLa4d1AekYId7Y1g8oSsEaBHHd/CtyeBJ+tDvQadqeXz7i591K5ry/td+4aaHnQA=="
      },
      "System.IO.Pipelines": {
        "type": "Transitive",
        "resolved": "10.0.8",
        "contentHash": "STVNTIVd+UrYvSo31D2tOOTs19IThdjGDN14FS3/NZb4PWsVakAg/VT4sq+JYWGP/GtazzvXwebWL6LPBAwnFQ=="
      },
      "System.Text.Encodings.Web": {
        "type": "Transitive",
        "resolved": "10.0.8",
        "contentHash": "HvFIJXM/CMTRu6PBQmjukQZ/O32Vx5fOEYZs0kq0OD5s9vJQ19KHLWCVmnfh3gNC7pbYomm06tzOTgJBflr/nQ=="
      },
      "shimakaze.sdk.csf": {
        "type": "Project",
        "dependencies": {
          "System.Collections.Immutable": "[10.0.8, )"
        }
      },
      "shimakaze.sdk.csf.json": {
        "type": "Project",
        "dependencies": {
          "Microsoft.Bcl.AsyncInterfaces": "[10.0.8, )",
          "Shimakaze.Sdk.Csf": "[1.0.0, )",
          "System.Collections.Immutable": "[10.0.8, )",
          "System.Text.Json": "[10.0.8, )"
        }
      },
      "shimakaze.sdk.csf.xml": {
        "type": "Project",
        "dependencies": {
          "Shimakaze.Sdk.Csf": "[1.0.0, )",
          "System.Collections.Immutable": "[10.0.8, )"
        }
      },
      "shimakaze.sdk.csf.yaml": {
        "type": "Project",
        "dependencies": {
          "Shimakaze.Sdk.Csf": "[1.0.0, )",
          "System.Collections.Immutable": "[10.0.8, )",
          "YamlDotNet": "[18.0.0, )"
        }
      },
      "shimakaze.sdk.engine": {
        "type": "Project",
        "dependencies": {
          "Shimakaze.Sdk.Csf": "[1.0.0, )",
          "Shimakaze.Sdk.Csf.Json": "[1.0.0, )",
          "Shimakaze.Sdk.Csf.Xml": "[1.0.0, )",
          "Shimakaze.Sdk.Csf.Yaml": "[1.0.0, )",
          "Shimakaze.Sdk.Mix": "[1.0.0, )",
          "Shimakaze.Sdk.Pal": "[1.0.0, )",
          "Shimakaze.Sdk.Shp": "[1.0.0, )",
          "SkiaSharp": "[3.119.2, )",
          "System.Collections.Immutable": "[10.0.8, )",
          "System.IO.Hashing": "[10.0.8, )"
        }
      },
      "shimakaze.sdk.mix": {
        "type": "Project",
        "dependencies": {
          "Microsoft.Bcl.AsyncInterfaces": "[10.0.8, )",
          "System.Collections.Immutable": "[10.0.8, )",
          "System.IO.Hashing": "[10.0.8, )"
        }
      },
      "shimakaze.sdk.pal": {
        "type": "Project",
        "dependencies": {
          "System.Collections.Immutable": "[10.0.8, )"
        }
      },
      "shimakaze.sdk.shp": {
        "type": "Project",
        "dependencies": {
          "System.Collections.Immutable": "[10.0.8, )"
        }
      },
      "Microsoft.Bcl.AsyncInterfaces": {
        "type": "CentralTransitive",
        "requested": "[10.0.8, )",
        "resolved": "10.0.8",
        "contentHash": "e+kYYRb0HmNo5FTOcjXkP0mIEFHEyygm4ea/iLWpdumsACzCH078nZMfnk6RQFmtSrnNbh654c8nNtmUSwQoow=="
      },
      "SkiaSharp": {
        "type": "CentralTransitive",
        "requested": "[3.119.2, )",
        "resolved": "3.119.2",
        "contentHash": "nmy2dOFWPvQKMglfpjz8+/xQQcSrL9jzul3cUyzCJVSwrmSAw+6B1sEgU7jt6NZBptwGq2k/V0kjyu2GizMFtg==",
        "dependencies": {
          "SkiaSharp.NativeAssets.Win32": "3.119.2",
          "SkiaSharp.NativeAssets.macOS": "3.119.2"
        }
      },
      "System.Collections.Immutable": {
        "type": "CentralTransitive",
        "requested": "[10.0.8, )",
        "resolved": "10.0.8",
        "contentHash": "rvMGYko6bcE/ZTpj1Q/EM22rcZNiQyjH+71capjjfmqG+DDncVE4kSaE5ysCv2vEFIHt8+zALWYXgIETFvcFzw=="
      },
      "System.IO.Hashing": {
        "type": "CentralTransitive",
        "requested": "[10.0.8, )",
        "resolved": "10.0.8",
        "contentHash": "+dJsbPJ3FyUbTZNplFj0RCKePFizmv6ewDV46JE9q/IVH4c3xTCftHfHelLsAKf0jryIPqgMb5GpS0x7TAY3mg=="
      },
      "System.Text.Json": {
        "type": "CentralTransitive",
        "requested": "[10.0.8, )",
        "resolved": "10.0.8",
        "contentHash": "/fysUDkD7oFGaRPoA7IaFs0wRoO3GlwlCNq2P+xWZqxLy1R4cktRSKfMjJDy9ymS4grL7IDVdt8de8L9a0z55Q==",
        "dependencies": {
          "System.IO.Pipelines": "10.0.8",
          "System.Text.Encodings.Web": "10.0.8"
        }
      },
      "YamlDotNet": {
        "type": "CentralTransitive",
        "requested": "[18.0.0, )",
        "resolved": "18.0.0",
        "contentHash": "ptHVgcYmLejGuWXV7RMFoEqFKYMXnieOlWLPzEslfDtzZ9ngMhjYwykfqjBN2+fMEAEyobozkj07lKEpR4dssA=="
      }
    },
    "net9.0": {
      "DotMake.CommandLine": {
        "type": "Direct",
        "requested": "[3.5.0, )",
        "resolved": "3.5.0",
        "contentHash": "QrmOldwvKQ4rvuGP4MRZjxUxdag0az8g73cp7O99g9mxLHLRpkisyxpD1rtGLrCn/mB3+Ne/STAPh/V3lybynw==",
        "dependencies": {
          "System.CommandLine": "[2.0.7, 3.0.0)"
        }
      },
      "GitVersion.MsBuild": {
        "type": "Direct",
        "requested": "[6.7.0, )",
        "resolved": "6.7.0",
        "contentHash": "0W5NHnfnogX0pfidRcJfqzfb8Yc/avBfq1qVuaHiHIjbtsjKHt9IFtt18p/ttCCeJlJe9fQliQ3pSkZQcibXlw=="
      },
      "IDisposableAnalyzers": {
        "type": "Direct",
        "requested": "[4.0.8, )",
        "resolved": "4.0.8",
        "contentHash": "vNi4NMG0CcJyjXxiNDcQ21FwV/whM9o9OEZKD+oP7tuxAqFEzX/x5OhC3OZJqW/w+8GOtCmJPBquYgMWgz0rfQ=="
      },
      "Microsoft.NET.ILLink.Tasks": {
        "type": "Direct",
        "requested": "[9.0.16, )",
        "resolved": "9.0.16",
        "contentHash": "ccPBYGLPJt8DeJTUzQ0JzOh/iuUAgnjayU63PokVywAhUOx+dzDKSPTL7AG94U/VpvNXflTT2AjsFAIF1+bXBw=="
      },
      "SkiaSharp.NativeAssets.macOS": {
        "type": "Transitive",
        "resolved": "3.119.2",
        "contentHash": "I2jMGQ/26KOnc6iAoR+Mxh9vSJJ2vioJyj9aJ9OL5yEZyXothXJxf4vBMqnSaiXMqiiU1scG7KqtT0CLkmMmWA=="
      },
      "SkiaSharp.NativeAssets.Win32": {
        "type": "Transitive",
        "resolved": "3.119.2",
        "contentHash": "uYe+da6+GXVgPKkCopzvIZ83DmC8SXXKeUAPrNcztJNsg0SjPQAxfKMOPZqmVjbzznrq/QUIjLUlJSZV/e0IPA=="
      },
      "System.CommandLine": {
        "type": "Transitive",
        "resolved": "2.0.7",
        "contentHash": "ih4yNLLF2Ebz85xJJBaPeddLa4d1AekYId7Y1g8oSsEaBHHd/CtyeBJ+tDvQadqeXz7i591K5ry/td+4aaHnQA=="
      },
      "System.IO.Pipelines": {
        "type": "Transitive",
        "resolved": "10.0.8",
        "contentHash": "STVNTIVd+UrYvSo31D2tOOTs19IThdjGDN14FS3/NZb4PWsVakAg/VT4sq+JYWGP/GtazzvXwebWL6LPBAwnFQ=="
      },
      "System.Text.Encodings.Web": {
        "type": "Transitive",
        "resolved": "10.0.8",
        "contentHash": "HvFIJXM/CMTRu6PBQmjukQZ/O32Vx5fOEYZs0kq0OD5s9vJQ19KHLWCVmnfh3gNC7pbYomm06tzOTgJBflr/nQ=="
      },
      "shimakaze.sdk.csf": {
        "type": "Project",
        "dependencies": {
          "System.Collections.Immutable": "[10.0.8, )"
        }
      },
      "shimakaze.sdk.csf.json": {
        "type": "Project",
        "dependencies": {
          "Microsoft.Bcl.AsyncInterfaces": "[10.0.8, )",
          "Shimakaze.Sdk.Csf": "[1.0.0, )",
          "System.Collections.Immutable": "[10.0.8, )",
          "System.Text.Json": "[10.0.8, )"
        }
      },
      "shimakaze.sdk.csf.xml": {
        "type": "Project",
        "dependencies": {
          "Shimakaze.Sdk.Csf": "[1.0.0, )",
          "System.Collections.Immutable": "[10.0.8, )"
        }
      },
      "shimakaze.sdk.csf.yaml": {
        "type": "Project",
        "dependencies": {
          "Shimakaze.Sdk.Csf": "[1.0.0, )",
          "System.Collections.Immutable": "[10.0.8, )",
          "YamlDotNet": "[18.0.0, )"
        }
      },
      "shimakaze.sdk.engine": {
        "type": "Project",
        "dependencies": {
          "Shimakaze.Sdk.Csf": "[1.0.0, )",
          "Shimakaze.Sdk.Csf.Json": "[1.0.0, )",
          "Shimakaze.Sdk.Csf.Xml": "[1.0.0, )",
          "Shimakaze.Sdk.Csf.Yaml": "[1.0.0, )",
          "Shimakaze.Sdk.Mix": "[1.0.0, )",
          "Shimakaze.Sdk.Pal": "[1.0.0, )",
          "Shimakaze.Sdk.Shp": "[1.0.0, )",
          "SkiaSharp": "[3.119.2, )",
          "System.Collections.Immutable": "[10.0.8, )",
          "System.IO.Hashing": "[10.0.8, )"
        }
      },
      "shimakaze.sdk.mix": {
        "type": "Project",
        "dependencies": {
          "Microsoft.Bcl.AsyncInterfaces": "[10.0.8, )",
          "System.Collections.Immutable": "[10.0.8, )",
          "System.IO.Hashing": "[10.0.8, )"
        }
      },
      "shimakaze.sdk.pal": {
        "type": "Project",
        "dependencies": {
          "System.Collections.Immutable": "[10.0.8, )"
        }
      },
      "shimakaze.sdk.shp": {
        "type": "Project",
        "dependencies": {
          "System.Collections.Immutable": "[10.0.8, )"
        }
      },
      "Microsoft.Bcl.AsyncInterfaces": {
        "type": "CentralTransitive",
        "requested": "[10.0.8, )",
        "resolved": "10.0.8",
        "contentHash": "e+kYYRb0HmNo5FTOcjXkP0mIEFHEyygm4ea/iLWpdumsACzCH078nZMfnk6RQFmtSrnNbh654c8nNtmUSwQoow=="
      },
      "SkiaSharp": {
        "type": "CentralTransitive",
        "requested": "[3.119.2, )",
        "resolved": "3.119.2",
        "contentHash": "nmy2dOFWPvQKMglfpjz8+/xQQcSrL9jzul3cUyzCJVSwrmSAw+6B1sEgU7jt6NZBptwGq2k/V0kjyu2GizMFtg==",
        "dependencies": {
          "SkiaSharp.NativeAssets.Win32": "3.119.2",
          "SkiaSharp.NativeAssets.macOS": "3.119.2"
        }
      },
      "System.Collections.Immutable": {
        "type": "CentralTransitive",
        "requested": "[10.0.8, )",
        "resolved": "10.0.8",
        "contentHash": "rvMGYko6bcE/ZTpj1Q/EM22rcZNiQyjH+71capjjfmqG+DDncVE4kSaE5ysCv2vEFIHt8+zALWYXgIETFvcFzw=="
      },
      "System.IO.Hashing": {
        "type": "CentralTransitive",
        "requested": "[10.0.8, )",
        "resolved": "10.0.8",
        "contentHash": "+dJsbPJ3FyUbTZNplFj0RCKePFizmv6ewDV46JE9q/IVH4c3xTCftHfHelLsAKf0jryIPqgMb5GpS0x7TAY3mg=="
      },
      "System.Text.Json": {
        "type": "CentralTransitive",
        "requested": "[10.0.8, )",
        "resolved": "10.0.8",
        "contentHash": "/fysUDkD7oFGaRPoA7IaFs0wRoO3GlwlCNq2P+xWZqxLy1R4cktRSKfMjJDy9ymS4grL7IDVdt8de8L9a0z55Q==",
        "dependencies": {
          "System.IO.Pipelines": "10.0.8",
          "System.Text.Encodings.Web": "10.0.8"
        }
      },
      "YamlDotNet": {
        "type": "CentralTransitive",
        "requested": "[18.0.0, )",
        "resolved": "18.0.0",
        "contentHash": "ptHVgcYmLejGuWXV7RMFoEqFKYMXnieOlWLPzEslfDtzZ9ngMhjYwykfqjBN2+fMEAEyobozkj07lKEpR4dssA=="
      }
    }
  }
}