{
  "version": 2,
  "dependencies": {
    "net9.0": {
      "DotMake.CommandLine": {
        "type": "Direct",
        "requested": "[3.1.0, )",
        "resolved": "3.1.0",
        "contentHash": "n9l6n2jl2vZpAWhjt+UGe8dm1t/w1hfcZoldBPSfWWj+5EBMVbMsn3jdWJTww2bdMx4yT3wix4J3GH4qi96LZw==",
        "dependencies": {
          "System.CommandLine": "2.0.0"
        }
      },
      "GitVersion.MsBuild": {
        "type": "Direct",
        "requested": "[6.7.0, )",
        "resolved": "6.7.0",
        "contentHash": "0W5NHnfnogX0pfidRcJfqzfb8Yc/avBfq1qVuaHiHIjbtsjKHt9IFtt18p/ttCCeJlJe9fQliQ3pSkZQcibXlw=="
      },
      "IDisposableAnalyzers": {
        "type": "Direct",
        "requested": "[4.0.8, )",
        "resolved": "4.0.8",
        "contentHash": "vNi4NMG0CcJyjXxiNDcQ21FwV/whM9o9OEZKD+oP7tuxAqFEzX/x5OhC3OZJqW/w+8GOtCmJPBquYgMWgz0rfQ=="
      },
      "Microsoft.NET.ILLink.Tasks": {
        "type": "Direct",
        "requested": "[9.0.14, )",
        "resolved": "9.0.14",
        "contentHash": "+MeWjj5sGq6Oj/l0E9RPMgXDyCIPxczzCbGuvuVTZFEGiy2S/atsfoAoKUnkEin/GeGpN+HenCzRmiQKSc99eQ=="
      },
      "SkiaSharp.NativeAssets.macOS": {
        "type": "Transitive",
        "resolved": "3.119.2",
        "contentHash": "I2jMGQ/26KOnc6iAoR+Mxh9vSJJ2vioJyj9aJ9OL5yEZyXothXJxf4vBMqnSaiXMqiiU1scG7KqtT0CLkmMmWA=="
      },
      "SkiaSharp.NativeAssets.Win32": {
        "type": "Transitive",
        "resolved": "3.119.2",
        "contentHash": "uYe+da6+GXVgPKkCopzvIZ83DmC8SXXKeUAPrNcztJNsg0SjPQAxfKMOPZqmVjbzznrq/QUIjLUlJSZV/e0IPA=="
      },
      "System.CommandLine": {
        "type": "Transitive",
        "resolved": "2.0.0",
        "contentHash": "Bjklzc5NoxqAGFi7BcGlY2TWAdB06Bq3a5sfRr3ubMRU80Mf98eyq3Y2UgR6xRV0TLznZmfe5T7mUjOunRNcdA=="
      },
      "System.IO.Pipelines": {
        "type": "Transitive",
        "resolved": "10.0.7",
        "contentHash": "LTxXYYKmRhPKWveYmfzuRTUnzsfY7CN+WOq6aTRgYE9vJ8BUvIWPCaSx4HxqBwXViTPSjR9cHDOVuVPuZGRR/Q=="
      },
      "System.Text.Encodings.Web": {
        "type": "Transitive",
        "resolved": "10.0.7",
        "contentHash": "WUH+viO8VDG8NpFKvOBwpeyKUiPOMz3kQpA6AKCD4b2NG1pBhyC4AwTb357iZmTxZDnkM4IsFnvzN8W8OKmsHg=="
      },
      "shimakaze.sdk.csf": {
        "type": "Project"
      },
      "shimakaze.sdk.csf.json": {
        "type": "Project",
        "dependencies": {
          "Microsoft.Bcl.AsyncInterfaces": "[10.0.5, )",
          "Shimakaze.Sdk.Csf": "[1.0.0, )",
          "System.Text.Json": "[10.0.7, )"
        }
      },
      "shimakaze.sdk.csf.xml": {
        "type": "Project",
        "dependencies": {
          "Shimakaze.Sdk.Csf": "[1.0.0, )"
        }
      },
      "shimakaze.sdk.csf.yaml": {
        "type": "Project",
        "dependencies": {
          "Shimakaze.Sdk.Csf": "[1.0.0, )",
          "YamlDotNet": "[17.0.1, )"
        }
      },
      "shimakaze.sdk.engine": {
        "type": "Project",
        "dependencies": {
          "Shimakaze.Sdk.Csf": "[1.0.0, )",
          "Shimakaze.Sdk.Csf.Json": "[1.0.0, )",
          "Shimakaze.Sdk.Csf.Xml": "[1.0.0, )",
          "Shimakaze.Sdk.Csf.Yaml": "[1.0.0, )",
          "Shimakaze.Sdk.Mix": "[1.0.0, )",
          "Shimakaze.Sdk.Pal": "[1.0.0, )",
          "Shimakaze.Sdk.Shp": "[1.0.0, )",
          "SkiaSharp": "[3.119.2, )",
          "System.IO.Hashing": "[10.0.6, )"
        }
      },
      "shimakaze.sdk.mix": {
        "type": "Project",
        "dependencies": {
          "Microsoft.Bcl.AsyncInterfaces": "[10.0.7, )",
          "System.IO.Hashing": "[10.0.6, )"
        }
      },
      "shimakaze.sdk.pal": {
        "type": "Project"
      },
      "shimakaze.sdk.shp": {
        "type": "Project"
      },
      "Microsoft.Bcl.AsyncInterfaces": {
        "type": "CentralTransitive",
        "requested": "[10.0.7, )",
        "resolved": "10.0.7",
        "contentHash": "g0Xp9A+B8jCf5pNIIhFOQXPJkte3D87shfTLY+ylwfSh22U5oQH6tvvmcUuqJvt/wtwKk0WdNp2OGEczHJlJdg=="
      },
      "SkiaSharp": {
        "type": "CentralTransitive",
        "requested": "[3.119.2, )",
        "resolved": "3.119.2",
        "contentHash": "nmy2dOFWPvQKMglfpjz8+/xQQcSrL9jzul3cUyzCJVSwrmSAw+6B1sEgU7jt6NZBptwGq2k/V0kjyu2GizMFtg==",
        "dependencies": {
          "SkiaSharp.NativeAssets.Win32": "3.119.2",
          "SkiaSharp.NativeAssets.macOS": "3.119.2"
        }
      },
      "System.IO.Hashing": {
        "type": "CentralTransitive",
        "requested": "[10.0.6, )",
        "resolved": "10.0.6",
        "contentHash": "lbMLkqFekDR4DeFd26eEfrG2HlvixIfs22uk/e2+9/NJ7WxMycVVakcQpuJvvqgc9XxwEgSd/Td+dZA+TjDDwA=="
      },
      "System.Text.Json": {
        "type": "CentralTransitive",
        "requested": "[10.0.7, )",
        "resolved": "10.0.7",
        "contentHash": "F8Pu2QLUMeniVbtiyk7n7LCfFYxlcJ8ASaSwglJyq6dxa34iCQrikQszsgJClIJWuSWjcyhKkV7daAzYJqeVwA==",
        "dependencies": {
          "System.IO.Pipelines": "10.0.7",
          "System.Text.Encodings.Web": "10.0.7"
        }
      },
      "YamlDotNet": {
        "type": "CentralTransitive",
        "requested": "[17.0.1, )",
        "resolved": "17.0.1",
        "contentHash": "qVir5fehR/W5nTJyoJUibypETXaW4iRAF9cQa0FQIC9TJ3VC0qDOwm4o/RxANewj8KzPF8WMF2abBfUgi6LC4w=="
      }
    }
  }
}