{
  "version": 2,
  "dependencies": {
    "net9.0": {
      "GitVersion.MsBuild": {
        "type": "Direct",
        "requested": "[6.7.0, )",
        "resolved": "6.7.0",
        "contentHash": "0W5NHnfnogX0pfidRcJfqzfb8Yc/avBfq1qVuaHiHIjbtsjKHt9IFtt18p/ttCCeJlJe9fQliQ3pSkZQcibXlw=="
      },
      "IDisposableAnalyzers": {
        "type": "Direct",
        "requested": "[4.0.8, )",
        "resolved": "4.0.8",
        "contentHash": "vNi4NMG0CcJyjXxiNDcQ21FwV/whM9o9OEZKD+oP7tuxAqFEzX/x5OhC3OZJqW/w+8GOtCmJPBquYgMWgz0rfQ=="
      },
      "Polyfill": {
        "type": "Direct",
        "requested": "[10.5.1, )",
        "resolved": "10.5.1",
        "contentHash": "DF5KHoVwE0496LDadwin55TLKtmwCXlCAxpFUYkXudIe9iJq09Dlbilxr46T0uP1g9RWHRwy1MPeKIa7b4WirA=="
      },
      "YamlDotNet": {
        "type": "Direct",
        "requested": "[17.1.0, )",
        "resolved": "17.1.0",
        "contentHash": "AhsNXgeAs3Ugt653t8LC44xXDuldFfwBpWbWX9pN3e4Yg8U5Bk8jLn8eXtGv5HV2V2nHu7F46fqsPC+tpcTGAA=="
      },
      "shimakaze.sdk.csf": {
        "type": "Project"
      }
    }
  }
}