{
  "version": 2,
  "dependencies": {
    "net9.0": {
      "GitVersion.MsBuild": {
        "type": "Direct",
        "requested": "[6.7.0, )",
        "resolved": "6.7.0",
        "contentHash": "0W5NHnfnogX0pfidRcJfqzfb8Yc/avBfq1qVuaHiHIjbtsjKHt9IFtt18p/ttCCeJlJe9fQliQ3pSkZQcibXlw=="
      },
      "IDisposableAnalyzers": {
        "type": "Direct",
        "requested": "[4.0.8, )",
        "resolved": "4.0.8",
        "contentHash": "vNi4NMG0CcJyjXxiNDcQ21FwV/whM9o9OEZKD+oP7tuxAqFEzX/x5OhC3OZJqW/w+8GOtCmJPBquYgMWgz0rfQ=="
      },
      "Microsoft.NET.ILLink.Tasks": {
        "type": "Direct",
        "requested": "[9.0.14, )",
        "resolved": "9.0.14",
        "contentHash": "+MeWjj5sGq6Oj/l0E9RPMgXDyCIPxczzCbGuvuVTZFEGiy2S/atsfoAoKUnkEin/GeGpN+HenCzRmiQKSc99eQ=="
      },
      "Polyfill": {
        "type": "Direct",
        "requested": "[10.10.0, )",
        "resolved": "10.10.0",
        "contentHash": "iV7KATnwKaeS2lbl1XBYP3ZcOtDGuuhuWIWLXWX5T9kD57i6z7zZqvMePAiMQP38N1lpODi3PHCAThaJETTnvQ=="
      },
      "System.Collections.Immutable": {
        "type": "Direct",
        "requested": "[10.0.9, )",
        "resolved": "10.0.9",
        "contentHash": "ci6tokGOzXpemLiZeMrSlA8xKdU43cIO0spbHH+vLaoFMA+fI8CHI3Np3D78jC7EZZrC9jiHDj0VlVK962hzsw=="
      },
      "shimakaze.sdk.pal": {
        "type": "Project",
        "dependencies": {
          "System.Collections.Immutable": "[10.0.9, )"
        }
      }
    }
  }
}