{
  "version": 2,
  "dependencies": {
    "net9.0": {
      "GitVersion.MsBuild": {
        "type": "Direct",
        "requested": "[6.7.0, )",
        "resolved": "6.7.0",
        "contentHash": "0W5NHnfnogX0pfidRcJfqzfb8Yc/avBfq1qVuaHiHIjbtsjKHt9IFtt18p/ttCCeJlJe9fQliQ3pSkZQcibXlw=="
      },
      "IDisposableAnalyzers": {
        "type": "Direct",
        "requested": "[4.0.8, )",
        "resolved": "4.0.8",
        "contentHash": "vNi4NMG0CcJyjXxiNDcQ21FwV/whM9o9OEZKD+oP7tuxAqFEzX/x5OhC3OZJqW/w+8GOtCmJPBquYgMWgz0rfQ=="
      },
      "Microsoft.NET.ILLink.Tasks": {
        "type": "Direct",
        "requested": "[9.0.14, )",
        "resolved": "9.0.14",
        "contentHash": "+MeWjj5sGq6Oj/l0E9RPMgXDyCIPxczzCbGuvuVTZFEGiy2S/atsfoAoKUnkEin/GeGpN+HenCzRmiQKSc99eQ=="
      },
      "Polyfill": {
        "type": "Direct",
        "requested": "[10.6.0, )",
        "resolved": "10.6.0",
        "contentHash": "kwXDNPxr2+Xgg2xS1FByWx3gDB6rWtieDZQoReMsf2lOeVyRvoAd5MKxIaD+9lWaBX0ugKteCKhDJ/eZf9sbRA=="
      },
      "Sharprompt": {
        "type": "Direct",
        "requested": "[3.0.1, )",
        "resolved": "3.0.1",
        "contentHash": "SUsdtFgpf0CJVSuW+6bsNNSRj5V3GzTNENCav9PGlwtAi8JueG4DDeKa2cAyM6wnLTdXRwsB/S21VBg6J6OksA=="
      },
      "shimakaze.sdk.pal": {
        "type": "Project"
      },
      "shimakaze.sdk.vpl": {
        "type": "Project",
        "dependencies": {
          "Shimakaze.Sdk.Pal": "[1.0.0, )"
        }
      }
    }
  }
}