{
  "version": 2,
  "dependencies": {
    "net9.0": {
      "GitVersion.MsBuild": {
        "type": "Direct",
        "requested": "[6.7.0, )",
        "resolved": "6.7.0",
        "contentHash": "0W5NHnfnogX0pfidRcJfqzfb8Yc/avBfq1qVuaHiHIjbtsjKHt9IFtt18p/ttCCeJlJe9fQliQ3pSkZQcibXlw=="
      },
      "IDisposableAnalyzers": {
        "type": "Direct",
        "requested": "[4.0.8, )",
        "resolved": "4.0.8",
        "contentHash": "vNi4NMG0CcJyjXxiNDcQ21FwV/whM9o9OEZKD+oP7tuxAqFEzX/x5OhC3OZJqW/w+8GOtCmJPBquYgMWgz0rfQ=="
      },
      "Microsoft.NET.ILLink.Tasks": {
        "type": "Direct",
        "requested": "[9.0.14, )",
        "resolved": "9.0.14",
        "contentHash": "+MeWjj5sGq6Oj/l0E9RPMgXDyCIPxczzCbGuvuVTZFEGiy2S/atsfoAoKUnkEin/GeGpN+HenCzRmiQKSc99eQ=="
      },
      "Polyfill": {
        "type": "Direct",
        "requested": "[10.8.0, )",
        "resolved": "10.8.0",
        "contentHash": "XagE8ydsDG8q7npZ0Vdh3ARyFa2+zVsmy3n57g6b2MFXYvnQXSaStsfQYuRbgOYiTaqRrBXs1wabJzs9/qx09w=="
      },
      "Spectre.Console": {
        "type": "Direct",
        "requested": "[0.56.0, )",
        "resolved": "0.56.0",
        "contentHash": "ail4U9yR02kKtaOQl0k/bMid/UkujehsYLa8DsYpsmioYkJYmHIWh5us5HTskP74yYcBLcmdTcxBUpNgg2EwZg==",
        "dependencies": {
          "Spectre.Console.Ansi": "0.56.0"
        }
      },
      "System.Collections.Immutable": {
        "type": "Direct",
        "requested": "[10.0.8, )",
        "resolved": "10.0.8",
        "contentHash": "rvMGYko6bcE/ZTpj1Q/EM22rcZNiQyjH+71capjjfmqG+DDncVE4kSaE5ysCv2vEFIHt8+zALWYXgIETFvcFzw=="
      },
      "Spectre.Console.Ansi": {
        "type": "Transitive",
        "resolved": "0.56.0",
        "contentHash": "AAvLsqrwOrKQQ2mKQ02VUN2s90C758ZlDHVjHZ1MfGgd7+vELPayS/j8nTppEAXd1+JHQQjpey/bMGjbmpMmNg=="
      },
      "shimakaze.sdk.pal": {
        "type": "Project",
        "dependencies": {
          "System.Collections.Immutable": "[10.0.8, )"
        }
      },
      "shimakaze.sdk.vpl": {
        "type": "Project",
        "dependencies": {
          "Shimakaze.Sdk.Pal": "[1.0.0, )",
          "System.Collections.Immutable": "[10.0.8, )"
        }
      }
    }
  }
}