{
  "version": 2,
  "dependencies": {
    "net9.0": {
      "DotMake.CommandLine": {
        "type": "Direct",
        "requested": "[3.1.0, )",
        "resolved": "3.1.0",
        "contentHash": "n9l6n2jl2vZpAWhjt+UGe8dm1t/w1hfcZoldBPSfWWj+5EBMVbMsn3jdWJTww2bdMx4yT3wix4J3GH4qi96LZw==",
        "dependencies": {
          "System.CommandLine": "2.0.0"
        }
      },
      "GitVersion.MsBuild": {
        "type": "Direct",
        "requested": "[6.7.0, )",
        "resolved": "6.7.0",
        "contentHash": "0W5NHnfnogX0pfidRcJfqzfb8Yc/avBfq1qVuaHiHIjbtsjKHt9IFtt18p/ttCCeJlJe9fQliQ3pSkZQcibXlw=="
      },
      "IDisposableAnalyzers": {
        "type": "Direct",
        "requested": "[4.0.8, )",
        "resolved": "4.0.8",
        "contentHash": "vNi4NMG0CcJyjXxiNDcQ21FwV/whM9o9OEZKD+oP7tuxAqFEzX/x5OhC3OZJqW/w+8GOtCmJPBquYgMWgz0rfQ=="
      },
      "Microsoft.NET.ILLink.Tasks": {
        "type": "Direct",
        "requested": "[9.0.14, )",
        "resolved": "9.0.14",
        "contentHash": "+MeWjj5sGq6Oj/l0E9RPMgXDyCIPxczzCbGuvuVTZFEGiy2S/atsfoAoKUnkEin/GeGpN+HenCzRmiQKSc99eQ=="
      },
      "Polyfill": {
        "type": "Direct",
        "requested": "[10.0.0, )",
        "resolved": "10.0.0",
        "contentHash": "HX4+jlB3OTAn+CiNLzuen/I7jgYLfNxDTsX3A7Ij285WYEbNwXPh1haHgeDinDum+m/pviBb8idK4JNUz1qS0Q=="
      },
      "Sharprompt": {
        "type": "Direct",
        "requested": "[3.1.0, )",
        "resolved": "3.1.0",
        "contentHash": "CiTy2Qh6Qz0Euq0EjSGAp5N2oMItllujev5tXn3ik9zCLd4aiojWH0URPOkE6SHM26QxKeDujNXubzBQLSx29A=="
      },
      "SkiaSharp": {
        "type": "Direct",
        "requested": "[3.119.2, )",
        "resolved": "3.119.2",
        "contentHash": "nmy2dOFWPvQKMglfpjz8+/xQQcSrL9jzul3cUyzCJVSwrmSAw+6B1sEgU7jt6NZBptwGq2k/V0kjyu2GizMFtg==",
        "dependencies": {
          "SkiaSharp.NativeAssets.Win32": "3.119.2",
          "SkiaSharp.NativeAssets.macOS": "3.119.2"
        }
      },
      "SkiaSharp.NativeAssets.macOS": {
        "type": "Transitive",
        "resolved": "3.119.2",
        "contentHash": "I2jMGQ/26KOnc6iAoR+Mxh9vSJJ2vioJyj9aJ9OL5yEZyXothXJxf4vBMqnSaiXMqiiU1scG7KqtT0CLkmMmWA=="
      },
      "SkiaSharp.NativeAssets.Win32": {
        "type": "Transitive",
        "resolved": "3.119.2",
        "contentHash": "uYe+da6+GXVgPKkCopzvIZ83DmC8SXXKeUAPrNcztJNsg0SjPQAxfKMOPZqmVjbzznrq/QUIjLUlJSZV/e0IPA=="
      },
      "System.CommandLine": {
        "type": "Transitive",
        "resolved": "2.0.0",
        "contentHash": "Bjklzc5NoxqAGFi7BcGlY2TWAdB06Bq3a5sfRr3ubMRU80Mf98eyq3Y2UgR6xRV0TLznZmfe5T7mUjOunRNcdA=="
      },
      "shimakaze.sdk.pal": {
        "type": "Project"
      },
      "shimakaze.sdk.tmp": {
        "type": "Project"
      }
    }
  }
}