{
  "version": 2,
  "dependencies": {
    "net10.0": {
      "DotMake.CommandLine": {
        "type": "Direct",
        "requested": "[3.6.0, )",
        "resolved": "3.6.0",
        "contentHash": "4pB/Z6vR6FqgUz/XxNvWQPCst09xD4q8JaPfsHeOd5rllVSBPhiqBa5my1WxILul+8jc+3Y4hRqoo9l0xmjySA==",
        "dependencies": {
          "System.CommandLine": "[2.0.11, 3.0.0)"
        }
      },
      "IDisposableAnalyzers": {
        "type": "Direct",
        "requested": "[4.0.8, )",
        "resolved": "4.0.8",
        "contentHash": "vNi4NMG0CcJyjXxiNDcQ21FwV/whM9o9OEZKD+oP7tuxAqFEzX/x5OhC3OZJqW/w+8GOtCmJPBquYgMWgz0rfQ=="
      },
      "Microsoft.NET.ILLink.Tasks": {
        "type": "Direct",
        "requested": "[10.0.10, )",
        "resolved": "10.0.10",
        "contentHash": "f5VCIE7AJpd5YvzNTeMGVzQIgyE9tX+AreTYwQF+REbu+DZo/2Ae+jNSwhPEYrVz6RRkd7y8ubXjk6Nn6Ka+Cg=="
      },
      "XenoAtom.Terminal.UI": {
        "type": "Direct",
        "requested": "[3.9.0, )",
        "resolved": "3.9.0",
        "contentHash": "OQ18w32TvJHqm0AVcTMYv0GRz+gcS7Le6oCxcILBiGsN+2N/13D0e0SoToCfZdt8xBfLB+8hVG+geZySW6c82w==",
        "dependencies": {
          "XenoAtom.Ansi": "1.7.0",
          "XenoAtom.Terminal": "2.2.0"
        }
      },
      "XenoAtom.Terminal.UI.Graphics": {
        "type": "Direct",
        "requested": "[3.9.0, )",
        "resolved": "3.9.0",
        "contentHash": "kXl+637wQoanlh0wGdpPHmUw229bNUa9YS6TO9xYqHXiKsJsVRX0aJL63pAqCHLevaoz5ncFziiONKv3SNOvMA==",
        "dependencies": {
          "XenoAtom.Ansi": "1.7.0",
          "XenoAtom.Terminal": "2.2.0",
          "XenoAtom.Terminal.Graphics": "2.2.0",
          "XenoAtom.Terminal.UI": "3.9.0"
        }
      },
      "Microsoft.CodeAnalysis.Common": {
        "type": "Transitive",
        "resolved": "4.4.0",
        "contentHash": "JfHupS/B7Jb5MZoYkFFABn3mux0wQgxi2D8F/rJYZeRBK2ZOyk7TjQ2Kq9rh6W/DCh0KNbbSbn5qoFar+ueHqw==",
        "dependencies": {
          "Microsoft.CodeAnalysis.Analyzers": "3.3.3"
        }
      },
      "Microsoft.CodeAnalysis.CSharp": {
        "type": "Transitive",
        "resolved": "4.4.0",
        "contentHash": "eD2w0xHRoaqK07hjlOKGR9eLNy3nimiGNeCClNax1NDgS/+DBtBqCjXelOa+TNy99kIB3nHhUqDmr46nDXy/RQ==",
        "dependencies": {
          "Microsoft.CodeAnalysis.Common": "[4.4.0]"
        }
      },
      "SkiaSharp": {
        "type": "Transitive",
        "resolved": "3.119.2",
        "contentHash": "nmy2dOFWPvQKMglfpjz8+/xQQcSrL9jzul3cUyzCJVSwrmSAw+6B1sEgU7jt6NZBptwGq2k/V0kjyu2GizMFtg==",
        "dependencies": {
          "SkiaSharp.NativeAssets.Win32": "3.119.2",
          "SkiaSharp.NativeAssets.macOS": "3.119.2"
        }
      },
      "SkiaSharp.NativeAssets.Linux": {
        "type": "Transitive",
        "resolved": "3.119.2",
        "contentHash": "9WzxSyG/s9Id506j0Ht+Bi5ucOpWKPzd1XXr9TD4fuCafHHy2swRSlbZtC3IDQAsvCH63OerkDJajj43uSv5og=="
      },
      "SkiaSharp.NativeAssets.macOS": {
        "type": "Transitive",
        "resolved": "3.119.2",
        "contentHash": "I2jMGQ/26KOnc6iAoR+Mxh9vSJJ2vioJyj9aJ9OL5yEZyXothXJxf4vBMqnSaiXMqiiU1scG7KqtT0CLkmMmWA=="
      },
      "SkiaSharp.NativeAssets.Win32": {
        "type": "Transitive",
        "resolved": "3.119.2",
        "contentHash": "uYe+da6+GXVgPKkCopzvIZ83DmC8SXXKeUAPrNcztJNsg0SjPQAxfKMOPZqmVjbzznrq/QUIjLUlJSZV/e0IPA=="
      },
      "System.CommandLine": {
        "type": "Transitive",
        "resolved": "2.0.11",
        "contentHash": "Pmg3/T0M37ZS3ovwPHtfBNTCdqNpnxo+tnZMg8JDHVR0qD8KwcPUKlheEiZysb1En8IyH7yDoa9QDq97Ny/vhQ=="
      },
      "Wcwidth": {
        "type": "Transitive",
        "resolved": "4.0.1",
        "contentHash": "PMU8u3pGf9nUkee39KMrB8qqId7u7kyGWaZpOh9E4Mal3xChq+relS/hHQOicGAswyzi7F5DjXjac0mTnRBX8Q=="
      },
      "XenoAtom.Ansi": {
        "type": "Transitive",
        "resolved": "1.7.0",
        "contentHash": "I6SZPpSrt5YoKRYQuzf93WZq6/lnEgAGrx25FYG4g/T+FjMSyTLN7xVhkgAvzIzqVYvnR0KwFBmnoSMLbjt6ig==",
        "dependencies": {
          "Wcwidth": "4.0.1"
        }
      },
      "XenoAtom.Terminal": {
        "type": "Transitive",
        "resolved": "2.2.0",
        "contentHash": "J3oOWIoJm24pAN2zsSesy8eyv6nUQyjmW6OFqmbH596HyaEOErQPKdQMEIPNqQT7QymipcbHm6qEAfREuomfkA==",
        "dependencies": {
          "XenoAtom.Ansi": "1.7.0"
        }
      },
      "XenoAtom.Terminal.Graphics": {
        "type": "Transitive",
        "resolved": "2.2.0",
        "contentHash": "QLfYYruezrvNBI2YpuhLKTgZ/P9NEpJWnmJQxxLJXOBr7QaL9mPP/Rdryh8iKJmD2ii2xGz8rjh5BvOiTQRE5g==",
        "dependencies": {
          "SkiaSharp": "3.119.2",
          "SkiaSharp.NativeAssets.Linux": "3.119.2",
          "SkiaSharp.NativeAssets.Win32": "3.119.2",
          "SkiaSharp.NativeAssets.macOS": "3.119.2",
          "XenoAtom.Ansi": "1.7.0",
          "XenoAtom.Terminal": "2.2.0"
        }
      },
      "shimakaze.sdk.csf": {
        "type": "Project"
      },
      "shimakaze.sdk.csf.json": {
        "type": "Project",
        "dependencies": {
          "Shimakaze.Sdk.Csf": "[1.0.0, )"
        }
      },
      "shimakaze.sdk.csf.xml": {
        "type": "Project",
        "dependencies": {
          "Shimakaze.Sdk.Csf": "[1.0.0, )"
        }
      },
      "shimakaze.sdk.csf.yaml": {
        "type": "Project",
        "dependencies": {
          "Shimakaze.Sdk.Csf": "[1.0.0, )",
          "Vecc.YamlDotNet.Analyzers.StaticGenerator": "[18.1.0, )",
          "YamlDotNet": "[18.1.0, )",
          "YamlDotNet.Analyzers.StaticGenerator": "[1.0.0, )"
        }
      },
      "shimakaze.sdk.engine": {
        "type": "Project",
        "dependencies": {
          "Shimakaze.Sdk.Csf": "[1.0.0, )",
          "Shimakaze.Sdk.Csf.Json": "[1.0.0, )",
          "Shimakaze.Sdk.Csf.Xml": "[1.0.0, )",
          "Shimakaze.Sdk.Csf.Yaml": "[1.0.0, )",
          "Shimakaze.Sdk.Mix": "[1.0.0, )",
          "Shimakaze.Sdk.Pal": "[1.0.0, )",
          "Shimakaze.Sdk.Shp": "[1.0.0, )",
          "Shimakaze.Sdk.Tmp": "[1.0.0, )",
          "StbImageSharp": "[2.30.16, )",
          "StbImageWriteSharp": "[1.16.7, )",
          "System.IO.Hashing": "[10.0.11, )"
        }
      },
      "shimakaze.sdk.mix": {
        "type": "Project",
        "dependencies": {
          "System.IO.Hashing": "[10.0.11, )"
        }
      },
      "shimakaze.sdk.pal": {
        "type": "Project"
      },
      "shimakaze.sdk.shp": {
        "type": "Project"
      },
      "shimakaze.sdk.tmp": {
        "type": "Project"
      },
      "yamldotnet.analyzers.staticgenerator": {
        "type": "Project",
        "dependencies": {
          "Microsoft.CodeAnalysis.CSharp": "[4.4.0, )"
        }
      },
      "StbImageSharp": {
        "type": "CentralTransitive",
        "requested": "[2.30.16, )",
        "resolved": "2.30.16",
        "contentHash": "qg1i+NHihXVKLKYacGKrauhSQIGL31eBWcTC4Vc7jnGmBFj87LkRuCdXB5aDZisWMRnB6x2mcfwYXQxMWEG/lw=="
      },
      "StbImageWriteSharp": {
        "type": "CentralTransitive",
        "requested": "[1.16.7, )",
        "resolved": "1.16.7",
        "contentHash": "NF9kOxi0iS9VunklnRKgOpAWC2knCGKRjdy7RT6XAqYNyb7LQfyPHPdl4l1fJw7TFYKrGQzQOmK1XpBONC2MoA=="
      },
      "System.IO.Hashing": {
        "type": "CentralTransitive",
        "requested": "[10.0.11, )",
        "resolved": "10.0.11",
        "contentHash": "OzKDcIRkeNJeC8qAsbn8yJXnfTLP1dtkWILe+T56Gf/z+IkAASi7sMqLqJQat08j5z/mRN5xVtoAwbkMNMoBUQ=="
      },
      "Vecc.YamlDotNet.Analyzers.StaticGenerator": {
        "type": "CentralTransitive",
        "requested": "[18.1.0, )",
        "resolved": "18.1.0",
        "contentHash": "LCS3M8xDJUoeSkKCi8i7mN/L0ODIrxLfF1Qy+PgkpxScBx1GLntgb+grV8f2byKnjoRwybJDc00nqEfvw4fX4g=="
      },
      "YamlDotNet": {
        "type": "CentralTransitive",
        "requested": "[18.1.0, )",
        "resolved": "18.1.0",
        "contentHash": "5K+9KFg2TdTl7VXv88Qzi/0lqK6JFoNP3lRuImPYGRV7K/QYklDyTrj4+A+KAki1JsQi6qKY+hDyY7d6WRqjrw=="
      }
    }
  }
}