{
  "version": 2,
  "dependencies": {
    "net9.0": {
      "GitVersion.MsBuild": {
        "type": "Direct",
        "requested": "[6.7.0, )",
        "resolved": "6.7.0",
        "contentHash": "0W5NHnfnogX0pfidRcJfqzfb8Yc/avBfq1qVuaHiHIjbtsjKHt9IFtt18p/ttCCeJlJe9fQliQ3pSkZQcibXlw=="
      },
      "IDisposableAnalyzers": {
        "type": "Direct",
        "requested": "[4.0.8, )",
        "resolved": "4.0.8",
        "contentHash": "vNi4NMG0CcJyjXxiNDcQ21FwV/whM9o9OEZKD+oP7tuxAqFEzX/x5OhC3OZJqW/w+8GOtCmJPBquYgMWgz0rfQ=="
      },
      "Microsoft.Bcl.AsyncInterfaces": {
        "type": "Direct",
        "requested": "[10.0.7, )",
        "resolved": "10.0.7",
        "contentHash": "g0Xp9A+B8jCf5pNIIhFOQXPJkte3D87shfTLY+ylwfSh22U5oQH6tvvmcUuqJvt/wtwKk0WdNp2OGEczHJlJdg=="
      },
      "Microsoft.NET.ILLink.Tasks": {
        "type": "Direct",
        "requested": "[9.0.14, )",
        "resolved": "9.0.14",
        "contentHash": "+MeWjj5sGq6Oj/l0E9RPMgXDyCIPxczzCbGuvuVTZFEGiy2S/atsfoAoKUnkEin/GeGpN+HenCzRmiQKSc99eQ=="
      },
      "Polyfill": {
        "type": "Direct",
        "requested": "[10.5.1, )",
        "resolved": "10.5.1",
        "contentHash": "DF5KHoVwE0496LDadwin55TLKtmwCXlCAxpFUYkXudIe9iJq09Dlbilxr46T0uP1g9RWHRwy1MPeKIa7b4WirA=="
      },
      "System.IO.Hashing": {
        "type": "Direct",
        "requested": "[10.0.6, )",
        "resolved": "10.0.6",
        "contentHash": "lbMLkqFekDR4DeFd26eEfrG2HlvixIfs22uk/e2+9/NJ7WxMycVVakcQpuJvvqgc9XxwEgSd/Td+dZA+TjDDwA=="
      }
    }
  }
}