{
  "version": 2,
  "dependencies": {
    "net8.0": {
      "IDisposableAnalyzers": {
        "type": "Direct",
        "requested": "[4.0.7, )",
        "resolved": "4.0.7",
        "contentHash": "Xrn/VABG/JhulJOmHOeOAY4/qafbEyRj3Z6gMeSABT1XCqMe8HnqOvid8gEVJt47VUZ6eD7XpTFLZ1KLyTZgdw=="
      },
      "shimakaze.sdk.common": {
        "type": "Project"
      },
      "shimakaze.sdk.csf": {
        "type": "Project",
        "dependencies": {
          "Shimakaze.Sdk.Common": "[0.1.0-alpha.1, )"
        }
      }
    }
  }
}