{
  "version": 2,
  "dependencies": {
    "net9.0": {
      "DotMake.CommandLine": {
        "type": "Direct",
        "requested": "[3.5.0, )",
        "resolved": "3.5.0",
        "contentHash": "QrmOldwvKQ4rvuGP4MRZjxUxdag0az8g73cp7O99g9mxLHLRpkisyxpD1rtGLrCn/mB3+Ne/STAPh/V3lybynw==",
        "dependencies": {
          "System.CommandLine": "[2.0.7, 3.0.0)"
        }
      },
      "GitVersion.MsBuild": {
        "type": "Direct",
        "requested": "[6.7.0, )",
        "resolved": "6.7.0",
        "contentHash": "0W5NHnfnogX0pfidRcJfqzfb8Yc/avBfq1qVuaHiHIjbtsjKHt9IFtt18p/ttCCeJlJe9fQliQ3pSkZQcibXlw=="
      },
      "IDisposableAnalyzers": {
        "type": "Direct",
        "requested": "[4.0.8, )",
        "resolved": "4.0.8",
        "contentHash": "vNi4NMG0CcJyjXxiNDcQ21FwV/whM9o9OEZKD+oP7tuxAqFEzX/x5OhC3OZJqW/w+8GOtCmJPBquYgMWgz0rfQ=="
      },
      "Microsoft.NET.ILLink.Tasks": {
        "type": "Direct",
        "requested": "[9.0.14, )",
        "resolved": "9.0.14",
        "contentHash": "+MeWjj5sGq6Oj/l0E9RPMgXDyCIPxczzCbGuvuVTZFEGiy2S/atsfoAoKUnkEin/GeGpN+HenCzRmiQKSc99eQ=="
      },
      "Polyfill": {
        "type": "Direct",
        "requested": "[10.11.1, )",
        "resolved": "10.11.1",
        "contentHash": "SeryCUevv4WJc2QxLZKJJM8wfR7DLqvM10u01lkHXv0qhFuN0oPRIuujxpgUyBZozpnx92DF6weUEptEaupj4Q=="
      },
      "Spectre.Console": {
        "type": "Direct",
        "requested": "[0.57.0, )",
        "resolved": "0.57.0",
        "contentHash": "X5+4ZsUYTPlTs5PEoKRlxUuKOa1AkEoAGM34pUeJPjsBdtOnvnaVb31hqewhooomihl1i9fEBid1fz8XxZTacQ==",
        "dependencies": {
          "Spectre.Console.Ansi": "0.57.0"
        }
      },
      "System.Collections.Immutable": {
        "type": "Direct",
        "requested": "[10.0.9, )",
        "resolved": "10.0.9",
        "contentHash": "ci6tokGOzXpemLiZeMrSlA8xKdU43cIO0spbHH+vLaoFMA+fI8CHI3Np3D78jC7EZZrC9jiHDj0VlVK962hzsw=="
      },
      "Spectre.Console.Ansi": {
        "type": "Transitive",
        "resolved": "0.57.0",
        "contentHash": "DGeYljyWAIHSeUAoUGqyzyOqS8WlsHKW+y4zOZ0OO61oqrhx90jHS+XG5Kpq/wWz6ovIs2VL/0CTKpUVa7tdWg=="
      },
      "System.CommandLine": {
        "type": "Transitive",
        "resolved": "2.0.7",
        "contentHash": "ih4yNLLF2Ebz85xJJBaPeddLa4d1AekYId7Y1g8oSsEaBHHd/CtyeBJ+tDvQadqeXz7i591K5ry/td+4aaHnQA=="
      },
      "System.IO.Pipelines": {
        "type": "Transitive",
        "resolved": "10.0.9",
        "contentHash": "raEAXJHu1ERuQnLhfaMUhK19A+i/CLHH5tFWi+azKxq2O4kzgvdeNuZTzMzyT7pyM1+zE2Pqb2g/DXJsuPp/LQ=="
      },
      "System.Text.Encodings.Web": {
        "type": "Transitive",
        "resolved": "10.0.9",
        "contentHash": "65bbI+LWcVgq1mzPtv6bJF+ZXeeIawld/puK9ixD1l3gJGM2IU4gkYbZoKLVjsXJXbrZqSRf86RlKf1TcCTY1Q=="
      },
      "shimakaze.sdk.csf": {
        "type": "Project",
        "dependencies": {
          "System.Collections.Immutable": "[10.0.9, )"
        }
      },
      "shimakaze.sdk.csf.json": {
        "type": "Project",
        "dependencies": {
          "Microsoft.Bcl.AsyncInterfaces": "[10.0.9, )",
          "Shimakaze.Sdk.Csf": "[1.0.0, )",
          "System.Collections.Immutable": "[10.0.9, )",
          "System.Text.Json": "[10.0.9, )"
        }
      },
      "shimakaze.sdk.csf.xml": {
        "type": "Project",
        "dependencies": {
          "Shimakaze.Sdk.Csf": "[1.0.0, )",
          "System.Collections.Immutable": "[10.0.9, )"
        }
      },
      "shimakaze.sdk.csf.yaml": {
        "type": "Project",
        "dependencies": {
          "Shimakaze.Sdk.Csf": "[1.0.0, )",
          "System.Collections.Immutable": "[10.0.9, )",
          "YamlDotNet": "[18.0.0, )"
        }
      },
      "Microsoft.Bcl.AsyncInterfaces": {
        "type": "CentralTransitive",
        "requested": "[10.0.9, )",
        "resolved": "10.0.9",
        "contentHash": "Aq7M8lG6BrHeatqKqncVm9m55ec34k6nnfPRLe/PvGg+b/pAsRM2ejofeKmCLjTXMa+5NGXm382f8CG/D5WDow=="
      },
      "System.Text.Json": {
        "type": "CentralTransitive",
        "requested": "[10.0.9, )",
        "resolved": "10.0.9",
        "contentHash": "mD4f7hUvjXEbLAnROibQswbYguGnfzN17gtkuqAHU1a0gJsqe7LXtV+0tItJsYrCBBpPYHiHFlLtjzG2ZEt5uQ==",
        "dependencies": {
          "System.IO.Pipelines": "10.0.9",
          "System.Text.Encodings.Web": "10.0.9"
        }
      },
      "YamlDotNet": {
        "type": "CentralTransitive",
        "requested": "[18.0.0, )",
        "resolved": "18.0.0",
        "contentHash": "ptHVgcYmLejGuWXV7RMFoEqFKYMXnieOlWLPzEslfDtzZ9ngMhjYwykfqjBN2+fMEAEyobozkj07lKEpR4dssA=="
      }
    }
  }
}